// !$*UTF8*$!
{
	archiveVersion = 1;
	classes = {
	};
	objectVersion = 48;
	objects = {

/* Begin PBXBuildFile section */
		428633ED20912E4C0092A79E /* AppDelegate.swift in Sources */ = {isa = PBXBuildFile; fileRef = 428633EC20912E4C0092A79E /* AppDelegate.swift */; };
		428633EF20912E4C0092A79E /* ViewController.swift in Sources */ = {isa = PBXBuildFile; fileRef = 428633EE20912E4C0092A79E /* ViewController.swift */; };
		428633F220912E4C0092A79E /* Main.storyboard in Resources */ = {isa = PBXBuildFile; fileRef = 428633F020912E4C0092A79E /* Main.storyboard */; };
		428633F420912E4C0092A79E /* Assets.xcassets in Resources */ = {isa = PBXBuildFile; fileRef = 428633F320912E4C0092A79E /* Assets.xcassets */; };
		428633F720912E4C0092A79E /* LaunchScreen.storyboard in Resources */ = {isa = PBXBuildFile; fileRef = 428633F520912E4C0092A79E /* LaunchScreen.storyboard */; };
		4286340220912E4C0092A79E /* QuizGameTests.swift in Sources */ = {isa = PBXBuildFile; fileRef = 4286340120912E4C0092A79E /* QuizGameTests.swift */; };
		4286340D20912E4C0092A79E /* QuizGameUITests.swift in Sources */ = {isa = PBXBuildFile; fileRef = 4286340C20912E4C0092A79E /* QuizGameUITests.swift */; };
		4286341B209138690092A79E /* SinglePlayer.swift in Sources */ = {isa = PBXBuildFile; fileRef = 4286341A209138690092A79E /* SinglePlayer.swift */; };
		4286341D2091392D0092A79E /* Multiplayer.swift in Sources */ = {isa = PBXBuildFile; fileRef = 4286341C2091392D0092A79E /* Multiplayer.swift */; };
/* End PBXBuildFile section */

/* Begin PBXContainerItemProxy section */
		428633FE20912E4C0092A79E /* PBXContainerItemProxy */ = {
			isa = PBXContainerItemProxy;
			containerPortal = 428633E120912E4C0092A79E /* Project object */;
			proxyType = 1;
			remoteGlobalIDString = 428633E820912E4C0092A79E;
			remoteInfo = QuizGame;
		};
		4286340920912E4C0092A79E /* PBXContainerItemProxy */ = {
			isa = PBXContainerItemProxy;
			containerPortal = 428633E120912E4C0092A79E /* Project object */;
			proxyType = 1;
			remoteGlobalIDString = 428633E820912E4C0092A79E;
			remoteInfo = QuizGame;
		};
/* End PBXContainerItemProxy section */

/* Begin PBXFileReference section */
		428633E920912E4C0092A79E /* QuizGame.app */ = {isa = PBXFileReference; explicitFileType = wrapper.application; includeInIndex = 0; path = QuizGame.app; sourceTree = BUILT_PRODUCTS_DIR; };
		428633EC20912E4C0092A79E /* AppDelegate.swift */ = {isa = PBXFileReference; lastKnownFileType = sourcecode.swift; path = AppDelegate.swift; sourceTree = "<group>"; };
		428633EE20912E4C0092A79E /* ViewController.swift */ = {isa = PBXFileReference; lastKnownFileType = sourcecode.swift; path = ViewController.swift; sourceTree = "<group>"; };
		428633F120912E4C0092A79E /* Base */ = {isa = PBXFileReference; lastKnownFileType = file.storyboard; name = Base; path = Base.lproj/Main.storyboard; sourceTree = "<group>"; };
		428633F320912E4C0092A79E /* Assets.xcassets */ = {isa = PBXFileReference; lastKnownFileType = folder.assetcatalog; path = Assets.xcassets; sourceTree = "<group>"; };
		428633F620912E4C0092A79E /* Base */ = {isa = PBXFileReference; lastKnownFileType = file.storyboard; name = Base; path = Base.lproj/LaunchScreen.storyboard; sourceTree = "<group>"; };
		428633F820912E4C0092A79E /* Info.plist */ = {isa = PBXFileReference; lastKnownFileType = text.plist.xml; path = Info.plist; sourceTree = "<group>"; };
		428633FD20912E4C0092A79E /* QuizGameTests.xctest */ = {isa = PBXFileReference; explicitFileType = wrapper.cfbundle; includeInIndex = 0; path = QuizGameTests.xctest; sourceTree = BUILT_PRODUCTS_DIR; };
		4286340120912E4C0092A79E /* QuizGameTests.swift */ = {isa = PBXFileReference; lastKnownFileType = sourcecode.swift; path = QuizGameTests.swift; sourceTree = "<group>"; };
		4286340320912E4C0092A79E /* Info.plist */ = {isa = PBXFileReference; lastKnownFileType = text.plist.xml; path = Info.plist; sourceTree = "<group>"; };
		4286340820912E4C0092A79E /* QuizGameUITests.xctest */ = {isa = PBXFileReference; explicitFileType = wrapper.cfbundle; includeInIndex = 0; path = QuizGameUITests.xctest; sourceTree = BUILT_PRODUCTS_DIR; };
		4286340C20912E4C0092A79E /* QuizGameUITests.swift */ = {isa = PBXFileReference; lastKnownFileType = sourcecode.swift; path = QuizGameUITests.swift; sourceTree = "<group>"; };
		4286340E20912E4C0092A79E /* Info.plist */ = {isa = PBXFileReference; lastKnownFileType = text.plist.xml; path = Info.plist; sourceTree = "<group>"; };
		4286341A209138690092A79E /* SinglePlayer.swift */ = {isa = PBXFileReference; lastKnownFileType = sourcecode.swift; path = SinglePlayer.swift; sourceTree = "<group>"; };
		4286341C2091392D0092A79E /* Multiplayer.swift */ = {isa = PBXFileReference; lastKnownFileType = sourcecode.swift; path = Multiplayer.swift; sourceTree = "<group>"; };
/* End PBXFileReference section */

/* Begin PBXFrameworksBuildPhase section */
		428633E620912E4C0092A79E /* Frameworks */ = {
			isa = PBXFrameworksBuildPhase;
			buildActionMask = 2147483647;
			files = (
			);
			runOnlyForDeploymentPostprocessing = 0;
		};
		428633FA20912E4C0092A79E /* Frameworks */ = {
			isa = PBXFrameworksBuildPhase;
			buildActionMask = 2147483647;
			files = (
			);
			runOnlyForDeploymentPostprocessing = 0;
		};
		4286340520912E4C0092A79E /* Frameworks */ = {
			isa = PBXFrameworksBuildPhase;
			buildActionMask = 2147483647;
			files = (
			);
			runOnlyForDeploymentPostprocessing = 0;
		};
/* End PBXFrameworksBuildPhase section */

/* Begin PBXGroup section */
		428633E020912E4C0092A79E = {
			isa = PBXGroup;
			children = (
				428633EB20912E4C0092A79E /* QuizGame */,
				4286340020912E4C0092A79E /* QuizGameTests */,
				4286340B20912E4C0092A79E /* QuizGameUITests */,
				428633EA20912E4C0092A79E /* Products */,
			);
			sourceTree = "<group>";
		};
		428633EA20912E4C0092A79E /* Products */ = {
			isa = PBXGroup;
			children = (
				428633E920912E4C0092A79E /* QuizGame.app */,
				428633FD20912E4C0092A79E /* QuizGameTests.xctest */,
				4286340820912E4C0092A79E /* QuizGameUITests.xctest */,
			);
			name = Products;
			sourceTree = "<group>";
		};
		428633EB20912E4C0092A79E /* QuizGame */ = {
			isa = PBXGroup;
			children = (
				428633EC20912E4C0092A79E /* AppDelegate.swift */,
				428633EE20912E4C0092A79E /* ViewController.swift */,
				428633F020912E4C0092A79E /* Main.storyboard */,
				4286341C2091392D0092A79E /* Multiplayer.swift */,
				4286341A209138690092A79E /* SinglePlayer.swift */,
				428633F320912E4C0092A79E /* Assets.xcassets */,
				428633F520912E4C0092A79E /* LaunchScreen.storyboard */,
				428633F820912E4C0092A79E /* Info.plist */,
			);
			path = QuizGame;
			sourceTree = "<group>";
		};
		4286340020912E4C0092A79E /* QuizGameTests */ = {
			isa = PBXGroup;
			children = (
				4286340120912E4C0092A79E /* QuizGameTests.swift */,
				4286340320912E4C0092A79E /* Info.plist */,
			);
			path = QuizGameTests;
			sourceTree = "<group>";
		};
		4286340B20912E4C0092A79E /* QuizGameUITests */ = {
			isa = PBXGroup;
			children = (
				4286340C20912E4C0092A79E /* QuizGameUITests.swift */,
				4286340E20912E4C0092A79E /* Info.plist */,
			);
			path = QuizGameUITests;
			sourceTree = "<group>";
		};
/* End PBXGroup section */

/* Begin PBXNativeTarget section */
		428633E820912E4C0092A79E /* QuizGame */ = {
			isa = PBXNativeTarget;
			buildConfigurationList = 4286341120912E4C0092A79E /* Build configuration list for PBXNativeTarget "QuizGame" */;
			buildPhases = (
				428633E520912E4C0092A79E /* Sources */,
				428633E620912E4C0092A79E /* Frameworks */,
				428633E720912E4C0092A79E /* Resources */,
			);
			buildRules = (
			);
			dependencies = (
			);
			name = QuizGame;
			productName = QuizGame;
			productReference = 428633E920912E4C0092A79E /* QuizGame.app */;
			productType = "com.apple.product-type.application";
		};
		428633FC20912E4C0092A79E /* QuizGameTests */ = {
			isa = PBXNativeTarget;
			buildConfigurationList = 4286341420912E4C0092A79E /* Build configuration list for PBXNativeTarget "QuizGameTests" */;
			buildPhases = (
				428633F920912E4C0092A79E /* Sources */,
				428633FA20912E4C0092A79E /* Frameworks */,
				428633FB20912E4C0092A79E /* Resources */,
			);
			buildRules = (
			);
			dependencies = (
				428633FF20912E4C0092A79E /* PBXTargetDependency */,
			);
			name = QuizGameTests;
			productName = QuizGameTests;
			productReference = 428633FD20912E4C0092A79E /* QuizGameTests.xctest */;
			productType = "com.apple.product-type.bundle.unit-test";
		};
		4286340720912E4C0092A79E /* QuizGameUITests */ = {
			isa = PBXNativeTarget;
			buildConfigurationList = 4286341720912E4C0092A79E /* Build configuration list for PBXNativeTarget "QuizGameUITests" */;
			buildPhases = (
				4286340420912E4C0092A79E /* Sources */,
				4286340520912E4C0092A79E /* Frameworks */,
				4286340620912E4C0092A79E /* Resources */,
			);
			buildRules = (
			);
			dependencies = (
				4286340A20912E4C0092A79E /* PBXTargetDependency */,
			);
			name = QuizGameUITests;
			productName = QuizGameUITests;
			productReference = 4286340820912E4C0092A79E /* QuizGameUITests.xctest */;
			productType = "com.apple.product-type.bundle.ui-testing";
		};
/* End PBXNativeTarget section */

/* Begin PBXProject section */
		428633E120912E4C0092A79E /* Project object */ = {
			isa = PBXProject;
			attributes = {
				LastSwiftUpdateCheck = 0920;
				LastUpgradeCheck = 0920;
				ORGANIZATIONNAME = "Dillon K Lau";
				TargetAttributes = {
					428633E820912E4C0092A79E = {
						CreatedOnToolsVersion = 9.2;
						ProvisioningStyle = Automatic;
					};
					428633FC20912E4C0092A79E = {
						CreatedOnToolsVersion = 9.2;
						ProvisioningStyle = Automatic;
						TestTargetID = 428633E820912E4C0092A79E;
					};
					4286340720912E4C0092A79E = {
						CreatedOnToolsVersion = 9.2;
						ProvisioningStyle = Automatic;
						TestTargetID = 428633E820912E4C0092A79E;
					};
				};
			};
			buildConfigurationList = 428633E420912E4C0092A79E /* Build configuration list for PBXProject "QuizGame" */;
			compatibilityVersion = "Xcode 8.0";
			developmentRegion = en;
			hasScannedForEncodings = 0;
			knownRegions = (
				en,
				Base,
			);
			mainGroup = 428633E020912E4C0092A79E;
			productRefGroup = 428633EA20912E4C0092A79E /* Products */;
			projectDirPath = "";
			projectRoot = "";
			targets = (
				428633E820912E4C0092A79E /* QuizGame */,
				428633FC20912E4C0092A79E /* QuizGameTests */,
				4286340720912E4C0092A79E /* QuizGameUITests */,
			);
		};
/* End PBXProject section */

/* Begin PBXResourcesBuildPhase section */
		428633E720912E4C0092A79E /* Resources */ = {
			isa = PBXResourcesBuildPhase;
			buildActionMask = 2147483647;
			files = (
				428633F720912E4C0092A79E /* LaunchScreen.storyboard in Resources */,
				428633F420912E4C0092A79E /* Assets.xcassets in Resources */,
				428633F220912E4C0092A79E /* Main.storyboard in Resources */,
			);
			runOnlyForDeploymentPostprocessing = 0;
		};
		428633FB20912E4C0092A79E /* Resources */ = {
			isa = PBXResourcesBuildPhase;
			buildActionMask = 2147483647;
			files = (
			);
			runOnlyForDeploymentPostprocessing = 0;
		};
		4286340620912E4C0092A79E /* Resources */ = {
			isa = PBXResourcesBuildPhase;
			buildActionMask = 2147483647;
			files = (
			);
			runOnlyForDeploymentPostprocessing = 0;
		};
/* End PBXResourcesBuildPhase section */

/* Begin PBXSourcesBuildPhase section */
		428633E520912E4C0092A79E /* Sources */ = {
			isa = PBXSourcesBuildPhase;
			buildActionMask = 2147483647;
			files = (
				4286341D2091392D0092A79E /* Multiplayer.swift in Sources */,
				428633EF20912E4C0092A79E /* ViewController.swift in Sources */,
				428633ED20912E4C0092A79E /* AppDelegate.swift in Sources */,
				4286341B209138690092A79E /* SinglePlayer.swift in Sources */,
			);
			runOnlyForDeploymentPostprocessing = 0;
		};
		428633F920912E4C0092A79E /* Sources */ = {
			isa = PBXSourcesBuildPhase;
			buildActionMask = 2147483647;
			files = (
				4286340220912E4C0092A79E /* QuizGameTests.swift in Sources */,
			);
			runOnlyForDeploymentPostprocessing = 0;
		};
		4286340420912E4C0092A79E /* Sources */ = {
			isa = PBXSourcesBuildPhase;
			buildActionMask = 2147483647;
			files = (
				4286340D20912E4C0092A79E /* QuizGameUITests.swift in Sources */,
			);
			runOnlyForDeploymentPostprocessing = 0;
		};
/* End PBXSourcesBuildPhase section */

/* Begin PBXTargetDependency section */
		428633FF20912E4C0092A79E /* PBXTargetDependency */ = {
			isa = PBXTargetDependency;
			target = 428633E820912E4C0092A79E /* QuizGame */;
			targetProxy = 428633FE20912E4C0092A79E /* PBXContainerItemProxy */;
		};
		4286340A20912E4C0092A79E /* PBXTargetDependency */ = {
			isa = PBXTargetDependency;
			target = 428633E820912E4C0092A79E /* QuizGame */;
			targetProxy = 4286340920912E4C0092A79E /* PBXContainerItemProxy */;
		};
/* End PBXTargetDependency section */

/* Begin PBXVariantGroup section */
		428633F020912E4C0092A79E /* Main.storyboard */ = {
			isa = PBXVariantGroup;
			children = (
				428633F120912E4C0092A79E /* Base */,
			);
			name = Main.storyboard;
			sourceTree = "<group>";
		};
		428633F520912E4C0092A79E /* LaunchScreen.storyboard */ = {
			isa = PBXVariantGroup;
			children = (
				428633F620912E4C0092A79E /* Base */,
			);
			name = LaunchScreen.storyboard;
			sourceTree = "<group>";
		};
/* End PBXVariantGroup section */

/* Begin XCBuildConfiguration section */
		4286340F20912E4C0092A79E /* Debug */ = {
			isa = XCBuildConfiguration;
			buildSettings = {
				ALWAYS_SEARCH_USER_PATHS = NO;
				CLANG_ANALYZER_NONNULL = YES;
				CLANG_ANALYZER_NUMBER_OBJECT_CONVERSION = YES_AGGRESSIVE;
				CLANG_CXX_LANGUAGE_STANDARD = "gnu++14";
				CLANG_CXX_LIBRARY = "libc++";
				CLANG_ENABLE_MODULES = YES;
				CLANG_ENABLE_OBJC_ARC = YES;
				CLANG_WARN_BLOCK_CAPTURE_AUTORELEASING = YES;
				CLANG_WARN_BOOL_CONVERSION = YES;
				CLANG_WARN_COMMA = YES;
				CLANG_WARN_CONSTANT_CONVERSION = YES;
				CLANG_WARN_DIRECT_OBJC_ISA_USAGE = YES_ERROR;
				CLANG_WARN_DOCUMENTATION_COMMENTS = YES;
				CLANG_WARN_EMPTY_BODY = YES;
				CLANG_WARN_ENUM_CONVERSION = YES;
				CLANG_WARN_INFINITE_RECURSION = YES;
				CLANG_WARN_INT_CONVERSION = YES;
				CLANG_WARN_NON_LITERAL_NULL_CONVERSION = YES;
				CLANG_WARN_OBJC_LITERAL_CONVERSION = YES;
				CLANG_WARN_OBJC_ROOT_CLASS = YES_ERROR;
				CLANG_WARN_RANGE_LOOP_ANALYSIS = YES;
				CLANG_WARN_STRICT_PROTOTYPES = YES;
				CLANG_WARN_SUSPICIOUS_MOVE = YES;
				CLANG_WARN_UNGUARDED_AVAILABILITY = YES_AGGRESSIVE;
				CLANG_WARN_UNREACHABLE_CODE = YES;
				CLANG_WARN__DUPLICATE_METHOD_MATCH = YES;
				CODE_SIGN_IDENTITY = "iPhone Developer";
				COPY_PHASE_STRIP = NO;
				DEBUG_INFORMATION_FORMAT = dwarf;
				ENABLE_STRICT_OBJC_MSGSEND = YES;
				ENABLE_TESTABILITY = YES;
				GCC_C_LANGUAGE_STANDARD = gnu11;
				GCC_DYNAMIC_NO_PIC = NO;
				GCC_NO_COMMON_BLOCKS = YES;
				GCC_OPTIMIZATION_LEVEL = 0;
				GCC_PREPROCESSOR_DEFINITIONS = (
					"DEBUG=1",
					"$(inherited)",
				);
				GCC_WARN_64_TO_32_BIT_CONVERSION = YES;
				GCC_WARN_ABOUT_RETURN_TYPE = YES_ERROR;
				GCC_WARN_UNDECLARED_SELECTOR = YES;
				GCC_WARN_UNINITIALIZED_AUTOS = YES_AGGRESSIVE;
				GCC_WARN_UNUSED_FUNCTION = YES;
				GCC_WARN_UNUSED_VARIABLE = YES;
				IPHONEOS_DEPLOYMENT_TARGET = 11.2;
				MTL_ENABLE_DEBUG_INFO = YES;
				ONLY_ACTIVE_ARCH = YES;
				SDKROOT = iphoneos;
				SWIFT_ACTIVE_COMPILATION_CONDITIONS = DEBUG;
				SWIFT_OPTIMIZATION_LEVEL = "-Onone";
			};
			name = Debug;
		};
		4286341020912E4C0092A79E /* Release */ = {
			isa = XCBuildConfiguration;
			buildSettings = {
				ALWAYS_SEARCH_USER_PATHS = NO;
				CLANG_ANALYZER_NONNULL = YES;
				CLANG_ANALYZER_NUMBER_OBJECT_CONVERSION = YES_AGGRESSIVE;
				CLANG_CXX_LANGUAGE_STANDARD = "gnu++14";
				CLANG_CXX_LIBRARY = "libc++";
				CLANG_ENABLE_MODULES = YES;
				CLANG_ENABLE_OBJC_ARC = YES;
				CLANG_WARN_BLOCK_CAPTURE_AUTORELEASING = YES;
				CLANG_WARN_BOOL_CONVERSION = YES;
				CLANG_WARN_COMMA = YES;
				CLANG_WARN_CONSTANT_CONVERSION = YES;
				CLANG_WARN_DIRECT_OBJC_ISA_USAGE = YES_ERROR;
				CLANG_WARN_DOCUMENTATION_COMMENTS = YES;
				CLANG_WARN_EMPTY_BODY = YES;
				CLANG_WARN_ENUM_CONVERSION = YES;
				CLANG_WARN_INFINITE_RECURSION = YES;
				CLANG_WARN_INT_CONVERSION = YES;
				CLANG_WARN_NON_LITERAL_NULL_CONVERSION = YES;
				CLANG_WARN_OBJC_LITERAL_CONVERSION = YES;
				CLANG_WARN_OBJC_ROOT_CLASS = YES_ERROR;
				CLANG_WARN_RANGE_LOOP_ANALYSIS = YES;
				CLANG_WARN_STRICT_PROTOTYPES = YES;
				CLANG_WARN_SUSPICIOUS_MOVE = YES;
				CLANG_WARN_UNGUARDED_AVAILABILITY = YES_AGGRESSIVE;
				CLANG_WARN_UNREACHABLE_CODE = YES;
				CLANG_WARN__DUPLICATE_METHOD_MATCH = YES;
				CODE_SIGN_IDENTITY = "iPhone Developer";
				COPY_PHASE_STRIP = NO;
				DEBUG_INFORMATION_FORMAT = "dwarf-with-dsym";
				ENABLE_NS_ASSERTIONS = NO;
				ENABLE_STRICT_OBJC_MSGSEND = YES;
				GCC_C_LANGUAGE_STANDARD = gnu11;
				GCC_NO_COMMON_BLOCKS = YES;
				GCC_WARN_64_TO_32_BIT_CONVERSION = YES;
				GCC_WARN_ABOUT_RETURN_TYPE = YES_ERROR;
				GCC_WARN_UNDECLARED_SELECTOR = YES;
				GCC_WARN_UNINITIALIZED_AUTOS = YES_AGGRESSIVE;
				GCC_WARN_UNUSED_FUNCTION = YES;
				GCC_WARN_UNUSED_VARIABLE = YES;
				IPHONEOS_DEPLOYMENT_TARGET = 11.2;
				MTL_ENABLE_DEBUG_INFO = NO;
				SDKROOT = iphoneos;
				SWIFT_OPTIMIZATION_LEVEL = "-Owholemodule";
				VALIDATE_PRODUCT = YES;
			};
			name = Release;
		};
		4286341220912E4C0092A79E /* Debug */ = {
			isa = XCBuildConfiguration;
			buildSettings = {
				ASSETCATALOG_COMPILER_APPICON_NAME = AppIcon;
				CODE_SIGN_STYLE = Automatic;
				DEVELOPMENT_TEAM = XEFZDYNKP7;
				INFOPLIST_FILE = QuizGame/Info.plist;
				IPHONEOS_DEPLOYMENT_TARGET = 11.0;
				LD_RUNPATH_SEARCH_PATHS = "$(inherited) @executable_path/Frameworks";
				PRODUCT_BUNDLE_IDENTIFIER = "CMSC-428.QuizGame";
				PRODUCT_NAME = "$(TARGET_NAME)";
				SWIFT_VERSION = 4.0;
				TARGETED_DEVICE_FAMILY = "1,2";
			};
			name = Debug;
		};
		4286341320912E4C0092A79E /* Release */ = {
			isa = XCBuildConfiguration;
			buildSettings = {
				ASSETCATALOG_COMPILER_APPICON_NAME = AppIcon;
				CODE_SIGN_STYLE = Automatic;
				DEVELOPMENT_TEAM = XEFZDYNKP7;
				INFOPLIST_FILE = QuizGame/Info.plist;
				IPHONEOS_DEPLOYMENT_TARGET = 11.0;
				LD_RUNPATH_SEARCH_PATHS = "$(inherited) @executable_path/Frameworks";
				PRODUCT_BUNDLE_IDENTIFIER = "CMSC-428.QuizGame";
				PRODUCT_NAME = "$(TARGET_NAME)";
				SWIFT_VERSION = 4.0;
				TARGETED_DEVICE_FAMILY = "1,2";
			};
			name = Release;
		};
		4286341520912E4C0092A79E /* Debug */ = {
			isa = XCBuildConfiguration;
			buildSettings = {
				ALWAYS_EMBED_SWIFT_STANDARD_LIBRARIES = YES;
				BUNDLE_LOADER = "$(TEST_HOST)";
				CODE_SIGN_STYLE = Automatic;
				DEVELOPMENT_TEAM = 8B4QBLLSCD;
				INFOPLIST_FILE = QuizGameTests/Info.plist;
				LD_RUNPATH_SEARCH_PATHS = "$(inherited) @executable_path/Frameworks @loader_path/Frameworks";
				PRODUCT_BUNDLE_IDENTIFIER = "CMSC-428.QuizGameTests";
				PRODUCT_NAME = "$(TARGET_NAME)";
				SWIFT_VERSION = 4.0;
				TARGETED_DEVICE_FAMILY = "1,2";
				TEST_HOST = "$(BUILT_PRODUCTS_DIR)/QuizGame.app/QuizGame";
			};
			name = Debug;
		};
		4286341620912E4C0092A79E /* Release */ = {
			isa = XCBuildConfiguration;
			buildSettings = {
				ALWAYS_EMBED_SWIFT_STANDARD_LIBRARIES = YES;
				BUNDLE_LOADER = "$(TEST_HOST)";
				CODE_SIGN_STYLE = Automatic;
				DEVELOPMENT_TEAM = 8B4QBLLSCD;
				INFOPLIST_FILE = QuizGameTests/Info.plist;
				LD_RUNPATH_SEARCH_PATHS = "$(inherited) @executable_path/Frameworks @loader_path/Frameworks";
				PRODUCT_BUNDLE_IDENTIFIER = "CMSC-428.QuizGameTests";
				PRODUCT_NAME = "$(TARGET_NAME)";
				SWIFT_VERSION = 4.0;
				TARGETED_DEVICE_FAMILY = "1,2";
				TEST_HOST = "$(BUILT_PRODUCTS_DIR)/QuizGame.app/QuizGame";
			};
			name = Release;
		};
		4286341820912E4C0092A79E /* Debug */ = {
			isa = XCBuildConfiguration;
			buildSettings = {
				ALWAYS_EMBED_SWIFT_STANDARD_LIBRARIES = YES;
				CODE_SIGN_STYLE = Automatic;
				DEVELOPMENT_TEAM = 8B4QBLLSCD;
				INFOPLIST_FILE = QuizGameUITests/Info.plist;
				LD_RUNPATH_SEARCH_PATHS = "$(inherited) @executable_path/Frameworks @loader_path/Frameworks";
				PRODUCT_BUNDLE_IDENTIFIER = "CMSC-428.QuizGameUITests";
				PRODUCT_NAME = "$(TARGET_NAME)";
				SWIFT_VERSION = 4.0;
				TARGETED_DEVICE_FAMILY = "1,2";
				TEST_TARGET_NAME = QuizGame;
			};
			name = Debug;
		};
		4286341920912E4C0092A79E /* Release */ = {
			isa = XCBuildConfiguration;
			buildSettings = {
				ALWAYS_EMBED_SWIFT_STANDARD_LIBRARIES = YES;
				CODE_SIGN_STYLE = Automatic;
				DEVELOPMENT_TEAM = 8B4QBLLSCD;
				INFOPLIST_FILE = QuizGameUITests/Info.plist;
				LD_RUNPATH_SEARCH_PATHS = "$(inherited) @executable_path/Frameworks @loader_path/Frameworks";
				PRODUCT_BUNDLE_IDENTIFIER = "CMSC-428.QuizGameUITests";
				PRODUCT_NAME = "$(TARGET_NAME)";
				SWIFT_VERSION = 4.0;
				TARGETED_DEVICE_FAMILY = "1,2";
				TEST_TARGET_NAME = QuizGame;
			};
			name = Release;
		};
/* End XCBuildConfiguration section */

/* Begin XCConfigurationList section */
		428633E420912E4C0092A79E /* Build configuration list for PBXProject "QuizGame" */ = {
			isa = XCConfigurationList;
			buildConfigurations = (
				4286340F20912E4C0092A79E /* Debug */,
				4286341020912E4C0092A79E /* Release */,
			);
			defaultConfigurationIsVisible = 0;
			defaultConfigurationName = Release;
		};
		4286341120912E4C0092A79E /* Build configuration list for PBXNativeTarget "QuizGame" */ = {
			isa = XCConfigurationList;
			buildConfigurations = (
				4286341220912E4C0092A79E /* Debug */,
				4286341320912E4C0092A79E /* Release */,
			);
			defaultConfigurationIsVisible = 0;
			defaultConfigurationName = Release;
		};
		4286341420912E4C0092A79E /* Build configuration list for PBXNativeTarget "QuizGameTests" */ = {
			isa = XCConfigurationList;
			buildConfigurations = (
				4286341520912E4C0092A79E /* Debug */,
				4286341620912E4C0092A79E /* Release */,
			);
			defaultConfigurationIsVisible = 0;
			defaultConfigurationName = Release;
		};
		4286341720912E4C0092A79E /* Build configuration list for PBXNativeTarget "QuizGameUITests" */ = {
			isa = XCConfigurationList;
			buildConfigurations = (
				4286341820912E4C0092A79E /* Debug */,
				4286341920912E4C0092A79E /* Release */,
			);
			defaultConfigurationIsVisible = 0;
			defaultConfigurationName = Release;
		};
/* End XCConfigurationList section */
	};
	rootObject = 428633E120912E4C0092A79E /* Project object */;
}
